
Microsoft Visual Studio Solution File, Format Version 12.00
# Visual Studio Version 16
VisualStudioVersion = 16.0.31424.327
MinimumVisualStudioVersion = 10.0.40219.1
Project("{FAE04EC0-301F-11D3-BF4B-00C04F79EFBC}") = "SumOf3", "SumOf3\SumOf3.csproj", "{A6B5D359-A2D5-430C-8B3E-14781D2E5FB2}"
EndProject
Global
	GlobalSection(SolutionConfigurationPlatforms) = preSolution
		Debug|Any CPU = Debug|Any CPU
		Release|Any CPU = Release|Any CPU
	EndGlobalSection
	GlobalSection(ProjectConfigurationPlatforms) = postSolution
		{A6B5D359-A2D5-430C-8B3E-14781D2E5FB2}.Debug|Any CPU.ActiveCfg = Debug|Any CPU
		{A6B5D359-A2D5-430C-8B3E-14781D2E5FB2}.Debug|Any CPU.Build.0 = Debug|Any CPU
		{A6B5D359-A2D5-430C-8B3E-14781D2E5FB2}.Release|Any CPU.ActiveCfg = Release|Any CPU
		{A6B5D359-A2D5-430C-8B3E-14781D2E5FB2}.Release|Any CPU.Build.0 = Release|Any CPU
	EndGlobalSection
	GlobalSection(SolutionProperties) = preSolution
		HideSolutionNode = FALSE
	EndGlobalSection
	GlobalSection(ExtensibilityGlobals) = postSolution
		SolutionGuid = {5ADB6F6A-803B-4F41-8763-B0422E7726E9}
	EndGlobalSection
EndGlobal
